
Microsoft Visual Studio Solution File, Format Version 12.00
# Visual Studio Version 16
VisualStudioVersion = 16.0.30804.86
MinimumVisualStudioVersion = 10.0.40219.1
Project("{9A19103F-16F7-4668-BE54-9A1E7A4F7556}") = "KampIntro", "KampIntro\KampIntro.csproj", "{5030C699-5E37-4664-B769-44D77A435BC1}"
EndProject
Project("{9A19103F-16F7-4668-BE54-9A1E7A4F7556}") = "Donguler", "Donguler\Donguler.csproj", "{04CD45C3-9378-4C72-BA95-6E92AD123457}"
EndProject
Project("{9A19103F-16F7-4668-BE54-9A1E7A4F7556}") = "ClassIntro", "ClassIntro\ClassIntro.csproj", "{9FC28EBC-4DA2-4BC4-B86D-663BC769CADA}"
EndProject
Project("{9A19103F-16F7-4668-BE54-9A1E7A4F7556}") = "Metotlar", "Metotlar\Metotlar.csproj", "{0655F62E-7D68-47BA-B434-4494940921E5}"
EndProject
Project("{9A19103F-16F7-4668-BE54-9A1E7A4F7556}") = "Matematik", "Matematik\Matematik.csproj", "{E22E112C-4721-4146-9DF8-352F1FE78D2A}"
EndProject
Project("{9A19103F-16F7-4668-BE54-9A1E7A4F7556}") = "DegerVeReferansTipler", "DegerVeReferansTipler\DegerVeReferansTipler.csproj", "{3B3DDC21-AAD5-4E02-83AD-D09728C088AF}"
EndProject
Project("{FAE04EC0-301F-11D3-BF4B-00C04F79EFBC}") = "OOP1", "OOP1\OOP1.csproj", "{10F228A8-A981-4EF6-8925-2E54A4FA91D7}"
EndProject
Global
	GlobalSection(SolutionConfigurationPlatforms) = preSolution
		Debug|Any CPU = Debug|Any CPU
		Release|Any CPU = Release|Any CPU
	EndGlobalSection
	GlobalSection(ProjectConfigurationPlatforms) = postSolution
		{5030C699-5E37-4664-B769-44D77A435BC1}.Debug|Any CPU.ActiveCfg = Debug|Any CPU
		{5030C699-5E37-4664-B769-44D77A435BC1}.Debug|Any CPU.Build.0 = Debug|Any CPU
		{5030C699-5E37-4664-B769-44D77A435BC1}.Release|Any CPU.ActiveCfg = Release|Any CPU
		{5030C699-5E37-4664-B769-44D77A435BC1}.Release|Any CPU.Build.0 = Release|Any CPU
		{04CD45C3-9378-4C72-BA95-6E92AD123457}.Debug|Any CPU.ActiveCfg = Debug|Any CPU
		{04CD45C3-9378-4C72-BA95-6E92AD123457}.Debug|Any CPU.Build.0 = Debug|Any CPU
		{04CD45C3-9378-4C72-BA95-6E92AD123457}.Release|Any CPU.ActiveCfg = Release|Any CPU
		{04CD45C3-9378-4C72-BA95-6E92AD123457}.Release|Any CPU.Build.0 = Release|Any CPU
		{9FC28EBC-4DA2-4BC4-B86D-663BC769CADA}.Debug|Any CPU.ActiveCfg = Debug|Any CPU
		{9FC28EBC-4DA2-4BC4-B86D-663BC769CADA}.Debug|Any CPU.Build.0 = Debug|Any CPU
		{9FC28EBC-4DA2-4BC4-B86D-663BC769CADA}.Release|Any CPU.ActiveCfg = Release|Any CPU
		{9FC28EBC-4DA2-4BC4-B86D-663BC769CADA}.Release|Any CPU.Build.0 = Release|Any CPU
		{0655F62E-7D68-47BA-B434-4494940921E5}.Debug|Any CPU.ActiveCfg = Debug|Any CPU
		{0655F62E-7D68-47BA-B434-4494940921E5}.Debug|Any CPU.Build.0 = Debug|Any CPU
		{0655F62E-7D68-47BA-B434-4494940921E5}.Release|Any CPU.ActiveCfg = Release|Any CPU
		{0655F62E-7D68-47BA-B434-4494940921E5}.Release|Any CPU.Build.0 = Release|Any CPU
		{E22E112C-4721-4146-9DF8-352F1FE78D2A}.Debug|Any CPU.ActiveCfg = Debug|Any CPU
		{E22E112C-4721-4146-9DF8-352F1FE78D2A}.Debug|Any CPU.Build.0 = Debug|Any CPU
		{E22E112C-4721-4146-9DF8-352F1FE78D2A}.Release|Any CPU.ActiveCfg = Release|Any CPU
		{E22E112C-4721-4146-9DF8-352F1FE78D2A}.Release|Any CPU.Build.0 = Release|Any CPU
		{3B3DDC21-AAD5-4E02-83AD-D09728C088AF}.Debug|Any CPU.ActiveCfg = Debug|Any CPU
		{3B3DDC21-AAD5-4E02-83AD-D09728C088AF}.Debug|Any CPU.Build.0 = Debug|Any CPU
		{3B3DDC21-AAD5-4E02-83AD-D09728C088AF}.Release|Any CPU.ActiveCfg = Release|Any CPU
		{3B3DDC21-AAD5-4E02-83AD-D09728C088AF}.Release|Any CPU.Build.0 = Release|Any CPU
		{10F228A8-A981-4EF6-8925-2E54A4FA91D7}.Debug|Any CPU.ActiveCfg = Debug|Any CPU
		{10F228A8-A981-4EF6-8925-2E54A4FA91D7}.Debug|Any CPU.Build.0 = Debug|Any CPU
		{10F228A8-A981-4EF6-8925-2E54A4FA91D7}.Release|Any CPU.ActiveCfg = Release|Any CPU
		{10F228A8-A981-4EF6-8925-2E54A4FA91D7}.Release|Any CPU.Build.0 = Release|Any CPU
	EndGlobalSection
	GlobalSection(SolutionProperties) = preSolution
		HideSolutionNode = FALSE
	EndGlobalSection
	GlobalSection(ExtensibilityGlobals) = postSolution
		SolutionGuid = {D5DDB289-D342-4EA2-835B-0128AFDE59C3}
	EndGlobalSection
EndGlobal
